
Microsoft Visual Studio Solution File, Format Version 12.00
# Visual Studio Version 16
VisualStudioVersion = 16.0.32602.291
MinimumVisualStudioVersion = 10.0.40219.1
Project("{9A19103F-16F7-4668-BE54-9A1E7A4F7556}") = "Info.SpiralFramework.Neo", "Info.SpiralFramework.Neo\SpiralNeo.csproj", "{7023F117-5628-4DB7-96A1-70CE93C689B5}"
EndProject
Project("{8BC9CEB8-8B4A-11D0-8D11-00A0C91BC942}") = "VariadicHotfix", "VariadicHotfix\VariadicHotfix.vcxproj", "{8AD55585-50A9-45D4-B539-A8DD89F63151}"
EndProject
Project("{FAE04EC0-301F-11D3-BF4B-00C04F79EFBC}") = "Info.SpiralFramework.Neo.Interfaces", "Info.SpiralFramework.Neo.Interfaces\Info.SpiralFramework.Neo.Interfaces.csproj", "{F7CA38D3-8EA2-4751-8E3F-0F60AC1E8E41}"
EndProject
Project("{FAE04EC0-301F-11D3-BF4B-00C04F79EFBC}") = "Info.SpiralFramework.Neo.Discord", "Info.SpiralFramework.Neo.Discord\Info.SpiralFramework.Neo.Discord.csproj", "{175826B8-0AC5-4433-A69D-DF77FC7E920A}"
EndProject
Project("{FAE04EC0-301F-11D3-BF4B-00C04F79EFBC}") = "Info.SpiralFramework.Neo.Formats", "Info.SpiralFramework.Neo.Formats\Info.SpiralFramework.Neo.Formats.csproj", "{F88182D1-F410-476B-B9A1-A9B9F87AF8E9}"
EndProject
Global
	GlobalSection(SolutionConfigurationPlatforms) = preSolution
		Debug|Any CPU = Debug|Any CPU
		Debug|x64 = Debug|x64
		Debug|x86 = Debug|x86
		Release|Any CPU = Release|Any CPU
		Release|x64 = Release|x64
		Release|x86 = Release|x86
	EndGlobalSection
	GlobalSection(ProjectConfigurationPlatforms) = postSolution
		{7023F117-5628-4DB7-96A1-70CE93C689B5}.Debug|Any CPU.ActiveCfg = Debug|Any CPU
		{7023F117-5628-4DB7-96A1-70CE93C689B5}.Debug|Any CPU.Build.0 = Debug|Any CPU
		{7023F117-5628-4DB7-96A1-70CE93C689B5}.Debug|x64.ActiveCfg = Debug|Any CPU
		{7023F117-5628-4DB7-96A1-70CE93C689B5}.Debug|x64.Build.0 = Debug|Any CPU
		{7023F117-5628-4DB7-96A1-70CE93C689B5}.Debug|x86.ActiveCfg = Debug|Any CPU
		{7023F117-5628-4DB7-96A1-70CE93C689B5}.Debug|x86.Build.0 = Debug|Any CPU
		{7023F117-5628-4DB7-96A1-70CE93C689B5}.Release|Any CPU.ActiveCfg = Release|Any CPU
		{7023F117-5628-4DB7-96A1-70CE93C689B5}.Release|Any CPU.Build.0 = Release|Any CPU
		{7023F117-5628-4DB7-96A1-70CE93C689B5}.Release|x64.ActiveCfg = Release|Any CPU
		{7023F117-5628-4DB7-96A1-70CE93C689B5}.Release|x64.Build.0 = Release|Any CPU
		{7023F117-5628-4DB7-96A1-70CE93C689B5}.Release|x86.ActiveCfg = Release|Any CPU
		{7023F117-5628-4DB7-96A1-70CE93C689B5}.Release|x86.Build.0 = Release|Any CPU
		{8AD55585-50A9-45D4-B539-A8DD89F63151}.Debug|Any CPU.ActiveCfg = Debug|Win32
		{8AD55585-50A9-45D4-B539-A8DD89F63151}.Debug|Any CPU.Build.0 = Debug|Win32
		{8AD55585-50A9-45D4-B539-A8DD89F63151}.Debug|x64.ActiveCfg = Debug|x64
		{8AD55585-50A9-45D4-B539-A8DD89F63151}.Debug|x64.Build.0 = Debug|x64
		{8AD55585-50A9-45D4-B539-A8DD89F63151}.Debug|x86.ActiveCfg = Debug|Win32
		{8AD55585-50A9-45D4-B539-A8DD89F63151}.Debug|x86.Build.0 = Debug|Win32
		{8AD55585-50A9-45D4-B539-A8DD89F63151}.Release|Any CPU.ActiveCfg = Release|Win32
		{8AD55585-50A9-45D4-B539-A8DD89F63151}.Release|x64.ActiveCfg = Release|x64
		{8AD55585-50A9-45D4-B539-A8DD89F63151}.Release|x64.Build.0 = Release|x64
		{8AD55585-50A9-45D4-B539-A8DD89F63151}.Release|x86.ActiveCfg = Release|Win32
		{8AD55585-50A9-45D4-B539-A8DD89F63151}.Release|x86.Build.0 = Release|Win32
		{F7CA38D3-8EA2-4751-8E3F-0F60AC1E8E41}.Debug|Any CPU.ActiveCfg = Debug|Any CPU
		{F7CA38D3-8EA2-4751-8E3F-0F60AC1E8E41}.Debug|Any CPU.Build.0 = Debug|Any CPU
		{F7CA38D3-8EA2-4751-8E3F-0F60AC1E8E41}.Debug|x64.ActiveCfg = Debug|Any CPU
		{F7CA38D3-8EA2-4751-8E3F-0F60AC1E8E41}.Debug|x64.Build.0 = Debug|Any CPU
		{F7CA38D3-8EA2-4751-8E3F-0F60AC1E8E41}.Debug|x86.ActiveCfg = Debug|Any CPU
		{F7CA38D3-8EA2-4751-8E3F-0F60AC1E8E41}.Debug|x86.Build.0 = Debug|Any CPU
		{F7CA38D3-8EA2-4751-8E3F-0F60AC1E8E41}.Release|Any CPU.ActiveCfg = Release|Any CPU
		{F7CA38D3-8EA2-4751-8E3F-0F60AC1E8E41}.Release|Any CPU.Build.0 = Release|Any CPU
		{F7CA38D3-8EA2-4751-8E3F-0F60AC1E8E41}.Release|x64.ActiveCfg = Release|Any CPU
		{F7CA38D3-8EA2-4751-8E3F-0F60AC1E8E41}.Release|x64.Build.0 = Release|Any CPU
		{F7CA38D3-8EA2-4751-8E3F-0F60AC1E8E41}.Release|x86.ActiveCfg = Release|Any CPU
		{F7CA38D3-8EA2-4751-8E3F-0F60AC1E8E41}.Release|x86.Build.0 = Release|Any CPU
		{175826B8-0AC5-4433-A69D-DF77FC7E920A}.Debug|Any CPU.ActiveCfg = Debug|Any CPU
		{175826B8-0AC5-4433-A69D-DF77FC7E920A}.Debug|Any CPU.Build.0 = Debug|Any CPU
		{175826B8-0AC5-4433-A69D-DF77FC7E920A}.Debug|x64.ActiveCfg = Debug|Any CPU
		{175826B8-0AC5-4433-A69D-DF77FC7E920A}.Debug|x64.Build.0 = Debug|Any CPU
		{175826B8-0AC5-4433-A69D-DF77FC7E920A}.Debug|x86.ActiveCfg = Debug|Any CPU
		{175826B8-0AC5-4433-A69D-DF77FC7E920A}.Debug|x86.Build.0 = Debug|Any CPU
		{175826B8-0AC5-4433-A69D-DF77FC7E920A}.Release|Any CPU.ActiveCfg = Release|Any CPU
		{175826B8-0AC5-4433-A69D-DF77FC7E920A}.Release|Any CPU.Build.0 = Release|Any CPU
		{175826B8-0AC5-4433-A69D-DF77FC7E920A}.Release|x64.ActiveCfg = Release|Any CPU
		{175826B8-0AC5-4433-A69D-DF77FC7E920A}.Release|x64.Build.0 = Release|Any CPU
		{175826B8-0AC5-4433-A69D-DF77FC7E920A}.Release|x86.ActiveCfg = Release|Any CPU
		{175826B8-0AC5-4433-A69D-DF77FC7E920A}.Release|x86.Build.0 = Release|Any CPU
		{F88182D1-F410-476B-B9A1-A9B9F87AF8E9}.Debug|Any CPU.ActiveCfg = Debug|Any CPU
		{F88182D1-F410-476B-B9A1-A9B9F87AF8E9}.Debug|Any CPU.Build.0 = Debug|Any CPU
		{F88182D1-F410-476B-B9A1-A9B9F87AF8E9}.Debug|x64.ActiveCfg = Debug|Any CPU
		{F88182D1-F410-476B-B9A1-A9B9F87AF8E9}.Debug|x64.Build.0 = Debug|Any CPU
		{F88182D1-F410-476B-B9A1-A9B9F87AF8E9}.Debug|x86.ActiveCfg = Debug|Any CPU
		{F88182D1-F410-476B-B9A1-A9B9F87AF8E9}.Debug|x86.Build.0 = Debug|Any CPU
		{F88182D1-F410-476B-B9A1-A9B9F87AF8E9}.Release|Any CPU.ActiveCfg = Release|Any CPU
		{F88182D1-F410-476B-B9A1-A9B9F87AF8E9}.Release|Any CPU.Build.0 = Release|Any CPU
		{F88182D1-F410-476B-B9A1-A9B9F87AF8E9}.Release|x64.ActiveCfg = Release|Any CPU
		{F88182D1-F410-476B-B9A1-A9B9F87AF8E9}.Release|x64.Build.0 = Release|Any CPU
		{F88182D1-F410-476B-B9A1-A9B9F87AF8E9}.Release|x86.ActiveCfg = Release|Any CPU
		{F88182D1-F410-476B-B9A1-A9B9F87AF8E9}.Release|x86.Build.0 = Release|Any CPU
	EndGlobalSection
	GlobalSection(SolutionProperties) = preSolution
		HideSolutionNode = FALSE
	EndGlobalSection
	GlobalSection(ExtensibilityGlobals) = postSolution
		SolutionGuid = {98AFEC1D-0533-4C33-A433-464A898CD197}
	EndGlobalSection
EndGlobal
